
Microsoft Visual Studio Solution File, Format Version 12.00
# Visual Studio Version 17
VisualStudioVersion = 17.7.34202.233
MinimumVisualStudioVersion = 10.0.40219.1
Project("{FAE04EC0-301F-11D3-BF4B-00C04F79EFBC}") = "DemoExam1", "DemoExam1\DemoExam1.csproj", "{656E0624-5263-4DCC-8285-17F84B7E7257}"
EndProject
Global
	GlobalSection(SolutionConfigurationPlatforms) = preSolution
		Debug|Any CPU = Debug|Any CPU
		Release|Any CPU = Release|Any CPU
	EndGlobalSection
	GlobalSection(ProjectConfigurationPlatforms) = postSolution
		{656E0624-5263-4DCC-8285-17F84B7E7257}.Debug|Any CPU.ActiveCfg = Debug|Any CPU
		{656E0624-5263-4DCC-8285-17F84B7E7257}.Debug|Any CPU.Build.0 = Debug|Any CPU
		{656E0624-5263-4DCC-8285-17F84B7E7257}.Release|Any CPU.ActiveCfg = Release|Any CPU
		{656E0624-5263-4DCC-8285-17F84B7E7257}.Release|Any CPU.Build.0 = Release|Any CPU
	EndGlobalSection
	GlobalSection(SolutionProperties) = preSolution
		HideSolutionNode = FALSE
	EndGlobalSection
	GlobalSection(ExtensibilityGlobals) = postSolution
		SolutionGuid = {A6421FA9-69EE-49D1-BCA2-671BA64BBBB0}
	EndGlobalSection
EndGlobal
